
Microsoft Visual Studio Solution File, Format Version 12.00
# Visual Studio Version 16
VisualStudioVersion = 16.0.30114.105
MinimumVisualStudioVersion = 10.0.40219.1
Project("{9A19103F-16F7-4668-BE54-9A1E7A4F7556}") = "blazor", "blazor.csproj", "{CCEB761C-6A2B-4400-90B5-2B39F5728A78}"
EndProject
Global
	GlobalSection(SolutionConfigurationPlatforms) = preSolution
		Debug|Any CPU = Debug|Any CPU
		Debug|x64 = Debug|x64
		Debug|x86 = Debug|x86
		Release|Any CPU = Release|Any CPU
		Release|x64 = Release|x64
		Release|x86 = Release|x86
	EndGlobalSection
	GlobalSection(ProjectConfigurationPlatforms) = postSolution
		{CCEB761C-6A2B-4400-90B5-2B39F5728A78}.Debug|Any CPU.ActiveCfg = Debug|Any CPU
		{CCEB761C-6A2B-4400-90B5-2B39F5728A78}.Debug|Any CPU.Build.0 = Debug|Any CPU
		{CCEB761C-6A2B-4400-90B5-2B39F5728A78}.Debug|x64.ActiveCfg = Debug|Any CPU
		{CCEB761C-6A2B-4400-90B5-2B39F5728A78}.Debug|x64.Build.0 = Debug|Any CPU
		{CCEB761C-6A2B-4400-90B5-2B39F5728A78}.Debug|x86.ActiveCfg = Debug|Any CPU
		{CCEB761C-6A2B-4400-90B5-2B39F5728A78}.Debug|x86.Build.0 = Debug|Any CPU
		{CCEB761C-6A2B-4400-90B5-2B39F5728A78}.Release|Any CPU.ActiveCfg = Release|Any CPU
		{CCEB761C-6A2B-4400-90B5-2B39F5728A78}.Release|Any CPU.Build.0 = Release|Any CPU
		{CCEB761C-6A2B-4400-90B5-2B39F5728A78}.Release|x64.ActiveCfg = Release|Any CPU
		{CCEB761C-6A2B-4400-90B5-2B39F5728A78}.Release|x64.Build.0 = Release|Any CPU
		{CCEB761C-6A2B-4400-90B5-2B39F5728A78}.Release|x86.ActiveCfg = Release|Any CPU
		{CCEB761C-6A2B-4400-90B5-2B39F5728A78}.Release|x86.Build.0 = Release|Any CPU
	EndGlobalSection
	GlobalSection(SolutionProperties) = preSolution
		HideSolutionNode = FALSE
	EndGlobalSection
	GlobalSection(ExtensibilityGlobals) = postSolution
		SolutionGuid = {BC04BA27-AF90-403D-A701-08A800B1380B}
	EndGlobalSection
EndGlobal
